{
  "name": "testse2e",
  "version": "1.0.0",
  "lockfileVersion": 3,
  "requires": true,
  "packages": {
    "": {
      "name": "testse2e",
      "version": "1.0.0",
      "license": "ISC",
      "devDependencies": {
        "@playwright/test": "^1.48.0",
        "@types/node": "^22.5.4",
        "playwright-chromium": "^1.47.0",
        "playwright-firefox": "^1.47.0",
        "playwright-webkit": "^1.47.0"
      }
    },
    "node_modules/@playwright/test": {
      "version": "1.48.0",
      "resolved": "https://registry.npmjs.org/@playwright/test/-/test-1.48.0.tgz",
      "integrity": "sha512-W5lhqPUVPqhtc/ySvZI5Q8X2ztBOUgZ8LbAFy0JQgrXZs2xaILrUcNO3rQjwbLPfGK13+rZsDa1FpG+tqYkT5w==",
      "dev": true,
      "license": "Apache-2.0",
      "dependencies": {
        "playwright": "1.48.0"
      },
      "bin": {
        "playwright": "cli.js"
      },
      "engines": {
        "node": ">=18"
      }
    },
    "node_modules/@types/node": {
      "version": "22.5.4",
      "resolved": "https://registry.npmjs.org/@types/node/-/node-22.5.4.tgz",
      "integrity": "sha512-FDuKUJQm/ju9fT/SeX/6+gBzoPzlVCzfzmGkwKvRHQVxi4BntVbyIwf6a4Xn62mrvndLiml6z/UBXIdEVjQLXg==",
      "dev": true,
      "license": "MIT",
      "dependencies": {
        "undici-types": "~6.19.2"
      }
    },
    "node_modules/fsevents": {
      "version": "2.3.2",
      "resolved": "https://registry.npmjs.org/fsevents/-/fsevents-2.3.2.tgz",
      "integrity": "sha512-xiqMQR4xAeHTuB9uWm+fFRcIOgKBMiOBP+eXiyT7jsgVCq1bkVygt00oASowB7EdtpOHaaPgKt812P9ab+DDKA==",
      "dev": true,
      "hasInstallScript": true,
      "license": "MIT",
      "optional": true,
      "os": [
        "darwin"
      ],
      "engines": {
        "node": "^8.16.0 || ^10.6.0 || >=11.0.0"
      }
    },
    "node_modules/playwright": {
      "version": "1.48.0",
      "resolved": "https://registry.npmjs.org/playwright/-/playwright-1.48.0.tgz",
      "integrity": "sha512-qPqFaMEHuY/ug8o0uteYJSRfMGFikhUysk8ZvAtfKmUK3kc/6oNl/y3EczF8OFGYIi/Ex2HspMfzYArk6+XQSA==",
      "dev": true,
      "license": "Apache-2.0",
      "dependencies": {
        "playwright-core": "1.48.0"
      },
      "bin": {
        "playwright": "cli.js"
      },
      "engines": {
        "node": ">=18"
      },
      "optionalDependencies": {
        "fsevents": "2.3.2"
      }
    },
    "node_modules/playwright-chromium": {
      "version": "1.48.0",
      "resolved": "https://registry.npmjs.org/playwright-chromium/-/playwright-chromium-1.48.0.tgz",
      "integrity": "sha512-jPFKhB4+zGEcAwc+h1mTLa8L08Rb+FwGKFqd/o7mWSGyxAtwBu5R4QxSG/a8KcHbewOj4DLBUVVK2N/uKrYmiQ==",
      "dev": true,
      "hasInstallScript": true,
      "license": "Apache-2.0",
      "dependencies": {
        "playwright-core": "1.48.0"
      },
      "bin": {
        "playwright": "cli.js"
      },
      "engines": {
        "node": ">=18"
      }
    },
    "node_modules/playwright-core": {
      "version": "1.48.0",
      "resolved": "https://registry.npmjs.org/playwright-core/-/playwright-core-1.48.0.tgz",
      "integrity": "sha512-RBvzjM9rdpP7UUFrQzRwR8L/xR4HyC1QXMzGYTbf1vjw25/ya9NRAVnXi/0fvFopjebvyPzsmoK58xxeEOaVvA==",
      "dev": true,
      "license": "Apache-2.0",
      "bin": {
        "playwright-core": "cli.js"
      },
      "engines": {
        "node": ">=18"
      }
    },
    "node_modules/playwright-firefox": {
      "version": "1.48.0",
      "resolved": "https://registry.npmjs.org/playwright-firefox/-/playwright-firefox-1.48.0.tgz",
      "integrity": "sha512-2OaL9gVw4eRRUMLHjLirRbuoB1cZzbsMQFpNKwNCiRJQQYy2R7iZie+WKiYRdk3wr6hU1wQoG0488hdkh/qCoA==",
      "dev": true,
      "hasInstallScript": true,
      "license": "Apache-2.0",
      "dependencies": {
        "playwright-core": "1.48.0"
      },
      "bin": {
        "playwright": "cli.js"
      },
      "engines": {
        "node": ">=18"
      }
    },
    "node_modules/playwright-webkit": {
      "version": "1.48.0",
      "resolved": "https://registry.npmjs.org/playwright-webkit/-/playwright-webkit-1.48.0.tgz",
      "integrity": "sha512-PgtmWgHm3HM1qpDY00p+KeyCE93S7jEhkTgHLXmVqN4baHra88pIgt+BKgR8r7rmNbPOly39IEd5NeG3I7I8Ow==",
      "dev": true,
      "hasInstallScript": true,
      "license": "Apache-2.0",
      "dependencies": {
        "playwright-core": "1.48.0"
      },
      "bin": {
        "playwright": "cli.js"
      },
      "engines": {
        "node": ">=18"
      }
    },
    "node_modules/undici-types": {
      "version": "6.19.8",
      "resolved": "https://registry.npmjs.org/undici-types/-/undici-types-6.19.8.tgz",
      "integrity": "sha512-ve2KP6f/JnbPBFyobGHuerC9g1FYGn/F8n1LWTwNxCEzd6IfqTwUQcNXgEtmmQ6DlRrC1hrSrBnCZPokRrDHjw==",
      "dev": true,
      "license": "MIT"
    }
  }
}
